{
  "name": "typescript",
  "version": "1.0.0",
  "lockfileVersion": 1,
  "requires": true,
  "dependencies": {
    "@corteks/gitversion": {
      "version": "file:../..",
      "dependencies": {
        "@types/node": {
          "version": "12.12.25",
          "bundled": true
        },
        "typescript": {
          "version": "3.7.5",
          "bundled": true
        }
      }
    },
    "@types/node": {
      "version": "12.12.25"
    },
    "typescript": {
      "version": "3.7.5"
    }
  }
}
